// !$*UTF8*$!
{
	archiveVersion = 1;
	classes = {
	};
	objectVersion = 50;
	objects = {

/* Begin PBXBuildFile section */
		04811CAB22EBC6BF004E6F47 /* AppDelegate.swift in Sources */ = {isa = PBXBuildFile; fileRef = 04811CAA22EBC6BF004E6F47 /* AppDelegate.swift */; };
		04811CAD22EBC6BF004E6F47 /* ViewController.swift in Sources */ = {isa = PBXBuildFile; fileRef = 04811CAC22EBC6BF004E6F47 /* ViewController.swift */; };
		04811CB022EBC6BF004E6F47 /* Main.storyboard in Resources */ = {isa = PBXBuildFile; fileRef = 04811CAE22EBC6BF004E6F47 /* Main.storyboard */; };
		04811CB222EBC6C1004E6F47 /* Assets.xcassets in Resources */ = {isa = PBXBuildFile; fileRef = 04811CB122EBC6C1004E6F47 /* Assets.xcassets */; };
		04811CB522EBC6C1004E6F47 /* LaunchScreen.storyboard in Resources */ = {isa = PBXBuildFile; fileRef = 04811CB322EBC6C1004E6F47 /* LaunchScreen.storyboard */; };
		04811CC022EBC6C1004E6F47 /* ConflictingEventsTests.swift in Sources */ = {isa = PBXBuildFile; fileRef = 04811CBF22EBC6C1004E6F47 /* ConflictingEventsTests.swift */; };
		04811CCB22EBC6C1004E6F47 /* ConflictingEventsUITests.swift in Sources */ = {isa = PBXBuildFile; fileRef = 04811CCA22EBC6C1004E6F47 /* ConflictingEventsUITests.swift */; };
/* End PBXBuildFile section */

/* Begin PBXContainerItemProxy section */
		04811CBC22EBC6C1004E6F47 /* PBXContainerItemProxy */ = {
			isa = PBXContainerItemProxy;
			containerPortal = 04811C9F22EBC6BF004E6F47 /* Project object */;
			proxyType = 1;
			remoteGlobalIDString = 04811CA622EBC6BF004E6F47;
			remoteInfo = ConflictingEvents;
		};
		04811CC722EBC6C1004E6F47 /* PBXContainerItemProxy */ = {
			isa = PBXContainerItemProxy;
			containerPortal = 04811C9F22EBC6BF004E6F47 /* Project object */;
			proxyType = 1;
			remoteGlobalIDString = 04811CA622EBC6BF004E6F47;
			remoteInfo = ConflictingEvents;
		};
/* End PBXContainerItemProxy section */

/* Begin PBXFileReference section */
		04811CA722EBC6BF004E6F47 /* ConflictingEvents.app */ = {isa = PBXFileReference; explicitFileType = wrapper.application; includeInIndex = 0; path = ConflictingEvents.app; sourceTree = BUILT_PRODUCTS_DIR; };
		04811CAA22EBC6BF004E6F47 /* AppDelegate.swift */ = {isa = PBXFileReference; lastKnownFileType = sourcecode.swift; path = AppDelegate.swift; sourceTree = "<group>"; };
		04811CAC22EBC6BF004E6F47 /* ViewController.swift */ = {isa = PBXFileReference; lastKnownFileType = sourcecode.swift; path = ViewController.swift; sourceTree = "<group>"; };
		04811CAF22EBC6BF004E6F47 /* Base */ = {isa = PBXFileReference; lastKnownFileType = file.storyboard; name = Base; path = Base.lproj/Main.storyboard; sourceTree = "<group>"; };
		04811CB122EBC6C1004E6F47 /* Assets.xcassets */ = {isa = PBXFileReference; lastKnownFileType = folder.assetcatalog; path = Assets.xcassets; sourceTree = "<group>"; };
		04811CB422EBC6C1004E6F47 /* Base */ = {isa = PBXFileReference; lastKnownFileType = file.storyboard; name = Base; path = Base.lproj/LaunchScreen.storyboard; sourceTree = "<group>"; };
		04811CB622EBC6C1004E6F47 /* Info.plist */ = {isa = PBXFileReference; lastKnownFileType = text.plist.xml; path = Info.plist; sourceTree = "<group>"; };
		04811CBB22EBC6C1004E6F47 /* ConflictingEventsTests.xctest */ = {isa = PBXFileReference; explicitFileType = wrapper.cfbundle; includeInIndex = 0; path = ConflictingEventsTests.xctest; sourceTree = BUILT_PRODUCTS_DIR; };
		04811CBF22EBC6C1004E6F47 /* ConflictingEventsTests.swift */ = {isa = PBXFileReference; lastKnownFileType = sourcecode.swift; path = ConflictingEventsTests.swift; sourceTree = "<group>"; };
		04811CC122EBC6C1004E6F47 /* Info.plist */ = {isa = PBXFileReference; lastKnownFileType = text.plist.xml; path = Info.plist; sourceTree = "<group>"; };
		04811CC622EBC6C1004E6F47 /* ConflictingEventsUITests.xctest */ = {isa = PBXFileReference; explicitFileType = wrapper.cfbundle; includeInIndex = 0; path = ConflictingEventsUITests.xctest; sourceTree = BUILT_PRODUCTS_DIR; };
		04811CCA22EBC6C1004E6F47 /* ConflictingEventsUITests.swift */ = {isa = PBXFileReference; lastKnownFileType = sourcecode.swift; path = ConflictingEventsUITests.swift; sourceTree = "<group>"; };
		04811CCC22EBC6C1004E6F47 /* Info.plist */ = {isa = PBXFileReference; lastKnownFileType = text.plist.xml; path = Info.plist; sourceTree = "<group>"; };
/* End PBXFileReference section */

/* Begin PBXFrameworksBuildPhase section */
		04811CA422EBC6BF004E6F47 /* Frameworks */ = {
			isa = PBXFrameworksBuildPhase;
			buildActionMask = 2147483647;
			files = (
			);
			runOnlyForDeploymentPostprocessing = 0;
		};
		04811CB822EBC6C1004E6F47 /* Frameworks */ = {
			isa = PBXFrameworksBuildPhase;
			buildActionMask = 2147483647;
			files = (
			);
			runOnlyForDeploymentPostprocessing = 0;
		};
		04811CC322EBC6C1004E6F47 /* Frameworks */ = {
			isa = PBXFrameworksBuildPhase;
			buildActionMask = 2147483647;
			files = (
			);
			runOnlyForDeploymentPostprocessing = 0;
		};
/* End PBXFrameworksBuildPhase section */

/* Begin PBXGroup section */
		04811C9E22EBC6BF004E6F47 = {
			isa = PBXGroup;
			children = (
				04811CA922EBC6BF004E6F47 /* ConflictingEvents */,
				04811CBE22EBC6C1004E6F47 /* ConflictingEventsTests */,
				04811CC922EBC6C1004E6F47 /* ConflictingEventsUITests */,
				04811CA822EBC6BF004E6F47 /* Products */,
			);
			sourceTree = "<group>";
		};
		04811CA822EBC6BF004E6F47 /* Products */ = {
			isa = PBXGroup;
			children = (
				04811CA722EBC6BF004E6F47 /* ConflictingEvents.app */,
				04811CBB22EBC6C1004E6F47 /* ConflictingEventsTests.xctest */,
				04811CC622EBC6C1004E6F47 /* ConflictingEventsUITests.xctest */,
			);
			name = Products;
			sourceTree = "<group>";
		};
		04811CA922EBC6BF004E6F47 /* ConflictingEvents */ = {
			isa = PBXGroup;
			children = (
				04811CAA22EBC6BF004E6F47 /* AppDelegate.swift */,
				04811CAC22EBC6BF004E6F47 /* ViewController.swift */,
				04811CAE22EBC6BF004E6F47 /* Main.storyboard */,
				04811CB122EBC6C1004E6F47 /* Assets.xcassets */,
				04811CB322EBC6C1004E6F47 /* LaunchScreen.storyboard */,
				04811CB622EBC6C1004E6F47 /* Info.plist */,
			);
			path = ConflictingEvents;
			sourceTree = "<group>";
		};
		04811CBE22EBC6C1004E6F47 /* ConflictingEventsTests */ = {
			isa = PBXGroup;
			children = (
				04811CBF22EBC6C1004E6F47 /* ConflictingEventsTests.swift */,
				04811CC122EBC6C1004E6F47 /* Info.plist */,
			);
			path = ConflictingEventsTests;
			sourceTree = "<group>";
		};
		04811CC922EBC6C1004E6F47 /* ConflictingEventsUITests */ = {
			isa = PBXGroup;
			children = (
				04811CCA22EBC6C1004E6F47 /* ConflictingEventsUITests.swift */,
				04811CCC22EBC6C1004E6F47 /* Info.plist */,
			);
			path = ConflictingEventsUITests;
			sourceTree = "<group>";
		};
/* End PBXGroup section */

/* Begin PBXNativeTarget section */
		04811CA622EBC6BF004E6F47 /* ConflictingEvents */ = {
			isa = PBXNativeTarget;
			buildConfigurationList = 04811CCF22EBC6C1004E6F47 /* Build configuration list for PBXNativeTarget "ConflictingEvents" */;
			buildPhases = (
				04811CA322EBC6BF004E6F47 /* Sources */,
				04811CA422EBC6BF004E6F47 /* Frameworks */,
				04811CA522EBC6BF004E6F47 /* Resources */,
			);
			buildRules = (
			);
			dependencies = (
			);
			name = ConflictingEvents;
			productName = ConflictingEvents;
			productReference = 04811CA722EBC6BF004E6F47 /* ConflictingEvents.app */;
			productType = "com.apple.product-type.application";
		};
		04811CBA22EBC6C1004E6F47 /* ConflictingEventsTests */ = {
			isa = PBXNativeTarget;
			buildConfigurationList = 04811CD222EBC6C1004E6F47 /* Build configuration list for PBXNativeTarget "ConflictingEventsTests" */;
			buildPhases = (
				04811CB722EBC6C1004E6F47 /* Sources */,
				04811CB822EBC6C1004E6F47 /* Frameworks */,
				04811CB922EBC6C1004E6F47 /* Resources */,
			);
			buildRules = (
			);
			dependencies = (
				04811CBD22EBC6C1004E6F47 /* PBXTargetDependency */,
			);
			name = ConflictingEventsTests;
			productName = ConflictingEventsTests;
			productReference = 04811CBB22EBC6C1004E6F47 /* ConflictingEventsTests.xctest */;
			productType = "com.apple.product-type.bundle.unit-test";
		};
		04811CC522EBC6C1004E6F47 /* ConflictingEventsUITests */ = {
			isa = PBXNativeTarget;
			buildConfigurationList = 04811CD522EBC6C1004E6F47 /* Build configuration list for PBXNativeTarget "ConflictingEventsUITests" */;
			buildPhases = (
				04811CC222EBC6C1004E6F47 /* Sources */,
				04811CC322EBC6C1004E6F47 /* Frameworks */,
				04811CC422EBC6C1004E6F47 /* Resources */,
			);
			buildRules = (
			);
			dependencies = (
				04811CC822EBC6C1004E6F47 /* PBXTargetDependency */,
			);
			name = ConflictingEventsUITests;
			productName = ConflictingEventsUITests;
			productReference = 04811CC622EBC6C1004E6F47 /* ConflictingEventsUITests.xctest */;
			productType = "com.apple.product-type.bundle.ui-testing";
		};
/* End PBXNativeTarget section */

/* Begin PBXProject section */
		04811C9F22EBC6BF004E6F47 /* Project object */ = {
			isa = PBXProject;
			attributes = {
				LastSwiftUpdateCheck = 1030;
				LastUpgradeCheck = 1030;
				TargetAttributes = {
					04811CA622EBC6BF004E6F47 = {
						CreatedOnToolsVersion = 10.3;
					};
					04811CBA22EBC6C1004E6F47 = {
						CreatedOnToolsVersion = 10.3;
						TestTargetID = 04811CA622EBC6BF004E6F47;
					};
					04811CC522EBC6C1004E6F47 = {
						CreatedOnToolsVersion = 10.3;
						TestTargetID = 04811CA622EBC6BF004E6F47;
					};
				};
			};
			buildConfigurationList = 04811CA222EBC6BF004E6F47 /* Build configuration list for PBXProject "ConflictingEvents" */;
			compatibilityVersion = "Xcode 9.3";
			developmentRegion = en;
			hasScannedForEncodings = 0;
			knownRegions = (
				en,
				Base,
			);
			mainGroup = 04811C9E22EBC6BF004E6F47;
			productRefGroup = 04811CA822EBC6BF004E6F47 /* Products */;
			projectDirPath = "";
			projectRoot = "";
			targets = (
				04811CA622EBC6BF004E6F47 /* ConflictingEvents */,
				04811CBA22EBC6C1004E6F47 /* ConflictingEventsTests */,
				04811CC522EBC6C1004E6F47 /* ConflictingEventsUITests */,
			);
		};
/* End PBXProject section */

/* Begin PBXResourcesBuildPhase section */
		04811CA522EBC6BF004E6F47 /* Resources */ = {
			isa = PBXResourcesBuildPhase;
			buildActionMask = 2147483647;
			files = (
				04811CB522EBC6C1004E6F47 /* LaunchScreen.storyboard in Resources */,
				04811CB222EBC6C1004E6F47 /* Assets.xcassets in Resources */,
				04811CB022EBC6BF004E6F47 /* Main.storyboard in Resources */,
			);
			runOnlyForDeploymentPostprocessing = 0;
		};
		04811CB922EBC6C1004E6F47 /* Resources */ = {
			isa = PBXResourcesBuildPhase;
			buildActionMask = 2147483647;
			files = (
			);
			runOnlyForDeploymentPostprocessing = 0;
		};
		04811CC422EBC6C1004E6F47 /* Resources */ = {
			isa = PBXResourcesBuildPhase;
			buildActionMask = 2147483647;
			files = (
			);
			runOnlyForDeploymentPostprocessing = 0;
		};
/* End PBXResourcesBuildPhase section */

/* Begin PBXSourcesBuildPhase section */
		04811CA322EBC6BF004E6F47 /* Sources */ = {
			isa = PBXSourcesBuildPhase;
			buildActionMask = 2147483647;
			files = (
				04811CAD22EBC6BF004E6F47 /* ViewController.swift in Sources */,
				04811CAB22EBC6BF004E6F47 /* AppDelegate.swift in Sources */,
			);
			runOnlyForDeploymentPostprocessing = 0;
		};
		04811CB722EBC6C1004E6F47 /* Sources */ = {
			isa = PBXSourcesBuildPhase;
			buildActionMask = 2147483647;
			files = (
				04811CC022EBC6C1004E6F47 /* ConflictingEventsTests.swift in Sources */,
			);
			runOnlyForDeploymentPostprocessing = 0;
		};
		04811CC222EBC6C1004E6F47 /* Sources */ = {
			isa = PBXSourcesBuildPhase;
			buildActionMask = 2147483647;
			files = (
				04811CCB22EBC6C1004E6F47 /* ConflictingEventsUITests.swift in Sources */,
			);
			runOnlyForDeploymentPostprocessing = 0;
		};
/* End PBXSourcesBuildPhase section */

/* Begin PBXTargetDependency section */
		04811CBD22EBC6C1004E6F47 /* PBXTargetDependency */ = {
			isa = PBXTargetDependency;
			target = 04811CA622EBC6BF004E6F47 /* ConflictingEvents */;
			targetProxy = 04811CBC22EBC6C1004E6F47 /* PBXContainerItemProxy */;
		};
		04811CC822EBC6C1004E6F47 /* PBXTargetDependency */ = {
			isa = PBXTargetDependency;
			target = 04811CA622EBC6BF004E6F47 /* ConflictingEvents */;
			targetProxy = 04811CC722EBC6C1004E6F47 /* PBXContainerItemProxy */;
		};
/* End PBXTargetDependency section */

/* Begin PBXVariantGroup section */
		04811CAE22EBC6BF004E6F47 /* Main.storyboard */ = {
			isa = PBXVariantGroup;
			children = (
				04811CAF22EBC6BF004E6F47 /* Base */,
			);
			name = Main.storyboard;
			sourceTree = "<group>";
		};
		04811CB322EBC6C1004E6F47 /* LaunchScreen.storyboard */ = {
			isa = PBXVariantGroup;
			children = (
				04811CB422EBC6C1004E6F47 /* Base */,
			);
			name = LaunchScreen.storyboard;
			sourceTree = "<group>";
		};
/* End PBXVariantGroup section */

/* Begin XCBuildConfiguration section */
		04811CCD22EBC6C1004E6F47 /* Debug */ = {
			isa = XCBuildConfiguration;
			buildSettings = {
				ALWAYS_SEARCH_USER_PATHS = NO;
				CLANG_ANALYZER_NONNULL = YES;
				CLANG_ANALYZER_NUMBER_OBJECT_CONVERSION = YES_AGGRESSIVE;
				CLANG_CXX_LANGUAGE_STANDARD = "gnu++14";
				CLANG_CXX_LIBRARY = "libc++";
				CLANG_ENABLE_MODULES = YES;
				CLANG_ENABLE_OBJC_ARC = YES;
				CLANG_ENABLE_OBJC_WEAK = YES;
				CLANG_WARN_BLOCK_CAPTURE_AUTORELEASING = YES;
				CLANG_WARN_BOOL_CONVERSION = YES;
				CLANG_WARN_COMMA = YES;
				CLANG_WARN_CONSTANT_CONVERSION = YES;
				CLANG_WARN_DEPRECATED_OBJC_IMPLEMENTATIONS = YES;
				CLANG_WARN_DIRECT_OBJC_ISA_USAGE = YES_ERROR;
				CLANG_WARN_DOCUMENTATION_COMMENTS = YES;
				CLANG_WARN_EMPTY_BODY = YES;
				CLANG_WARN_ENUM_CONVERSION = YES;
				CLANG_WARN_INFINITE_RECURSION = YES;
				CLANG_WARN_INT_CONVERSION = YES;
				CLANG_WARN_NON_LITERAL_NULL_CONVERSION = YES;
				CLANG_WARN_OBJC_IMPLICIT_RETAIN_SELF = YES;
				CLANG_WARN_OBJC_LITERAL_CONVERSION = YES;
				CLANG_WARN_OBJC_ROOT_CLASS = YES_ERROR;
				CLANG_WARN_RANGE_LOOP_ANALYSIS = YES;
				CLANG_WARN_STRICT_PROTOTYPES = YES;
				CLANG_WARN_SUSPICIOUS_MOVE = YES;
				CLANG_WARN_UNGUARDED_AVAILABILITY = YES_AGGRESSIVE;
				CLANG_WARN_UNREACHABLE_CODE = YES;
				CLANG_WARN__DUPLICATE_METHOD_MATCH = YES;
				CODE_SIGN_IDENTITY = "iPhone Developer";
				COPY_PHASE_STRIP = NO;
				DEBUG_INFORMATION_FORMAT = dwarf;
				ENABLE_STRICT_OBJC_MSGSEND = YES;
				ENABLE_TESTABILITY = YES;
				GCC_C_LANGUAGE_STANDARD = gnu11;
				GCC_DYNAMIC_NO_PIC = NO;
				GCC_NO_COMMON_BLOCKS = YES;
				GCC_OPTIMIZATION_LEVEL = 0;
				GCC_PREPROCESSOR_DEFINITIONS = (
					"DEBUG=1",
					"$(inherited)",
				);
				GCC_WARN_64_TO_32_BIT_CONVERSION = YES;
				GCC_WARN_ABOUT_RETURN_TYPE = YES_ERROR;
				GCC_WARN_UNDECLARED_SELECTOR = YES;
				GCC_WARN_UNINITIALIZED_AUTOS = YES_AGGRESSIVE;
				GCC_WARN_UNUSED_FUNCTION = YES;
				GCC_WARN_UNUSED_VARIABLE = YES;
				IPHONEOS_DEPLOYMENT_TARGET = 12.4;
				MTL_ENABLE_DEBUG_INFO = INCLUDE_SOURCE;
				MTL_FAST_MATH = YES;
				ONLY_ACTIVE_ARCH = YES;
				SDKROOT = iphoneos;
				SWIFT_ACTIVE_COMPILATION_CONDITIONS = DEBUG;
				SWIFT_OPTIMIZATION_LEVEL = "-Onone";
			};
			name = Debug;
		};
		04811CCE22EBC6C1004E6F47 /* Release */ = {
			isa = XCBuildConfiguration;
			buildSettings = {
				ALWAYS_SEARCH_USER_PATHS = NO;
				CLANG_ANALYZER_NONNULL = YES;
				CLANG_ANALYZER_NUMBER_OBJECT_CONVERSION = YES_AGGRESSIVE;
				CLANG_CXX_LANGUAGE_STANDARD = "gnu++14";
				CLANG_CXX_LIBRARY = "libc++";
				CLANG_ENABLE_MODULES = YES;
				CLANG_ENABLE_OBJC_ARC = YES;
				CLANG_ENABLE_OBJC_WEAK = YES;
				CLANG_WARN_BLOCK_CAPTURE_AUTORELEASING = YES;
				CLANG_WARN_BOOL_CONVERSION = YES;
				CLANG_WARN_COMMA = YES;
				CLANG_WARN_CONSTANT_CONVERSION = YES;
				CLANG_WARN_DEPRECATED_OBJC_IMPLEMENTATIONS = YES;
				CLANG_WARN_DIRECT_OBJC_ISA_USAGE = YES_ERROR;
				CLANG_WARN_DOCUMENTATION_COMMENTS = YES;
				CLANG_WARN_EMPTY_BODY = YES;
				CLANG_WARN_ENUM_CONVERSION = YES;
				CLANG_WARN_INFINITE_RECURSION = YES;
				CLANG_WARN_INT_CONVERSION = YES;
				CLANG_WARN_NON_LITERAL_NULL_CONVERSION = YES;
				CLANG_WARN_OBJC_IMPLICIT_RETAIN_SELF = YES;
				CLANG_WARN_OBJC_LITERAL_CONVERSION = YES;
				CLANG_WARN_OBJC_ROOT_CLASS = YES_ERROR;
				CLANG_WARN_RANGE_LOOP_ANALYSIS = YES;
				CLANG_WARN_STRICT_PROTOTYPES = YES;
				CLANG_WARN_SUSPICIOUS_MOVE = YES;
				CLANG_WARN_UNGUARDED_AVAILABILITY = YES_AGGRESSIVE;
				CLANG_WARN_UNREACHABLE_CODE = YES;
				CLANG_WARN__DUPLICATE_METHOD_MATCH = YES;
				CODE_SIGN_IDENTITY = "iPhone Developer";
				COPY_PHASE_STRIP = NO;
				DEBUG_INFORMATION_FORMAT = "dwarf-with-dsym";
				ENABLE_NS_ASSERTIONS = NO;
				ENABLE_STRICT_OBJC_MSGSEND = YES;
				GCC_C_LANGUAGE_STANDARD = gnu11;
				GCC_NO_COMMON_BLOCKS = YES;
				GCC_WARN_64_TO_32_BIT_CONVERSION = YES;
				GCC_WARN_ABOUT_RETURN_TYPE = YES_ERROR;
				GCC_WARN_UNDECLARED_SELECTOR = YES;
				GCC_WARN_UNINITIALIZED_AUTOS = YES_AGGRESSIVE;
				GCC_WARN_UNUSED_FUNCTION = YES;
				GCC_WARN_UNUSED_VARIABLE = YES;
				IPHONEOS_DEPLOYMENT_TARGET = 12.4;
				MTL_ENABLE_DEBUG_INFO = NO;
				MTL_FAST_MATH = YES;
				SDKROOT = iphoneos;
				SWIFT_COMPILATION_MODE = wholemodule;
				SWIFT_OPTIMIZATION_LEVEL = "-O";
				VALIDATE_PRODUCT = YES;
			};
			name = Release;
		};
		04811CD022EBC6C1004E6F47 /* Debug */ = {
			isa = XCBuildConfiguration;
			buildSettings = {
				ASSETCATALOG_COMPILER_APPICON_NAME = AppIcon;
				CODE_SIGN_STYLE = Automatic;
				DEVELOPMENT_TEAM = AL7363AJ9G;
				INFOPLIST_FILE = ConflictingEvents/Info.plist;
				LD_RUNPATH_SEARCH_PATHS = (
					"$(inherited)",
					"@executable_path/Frameworks",
				);
				PRODUCT_BUNDLE_IDENTIFIER = NicholasSharp.ConflictingEvents;
				PRODUCT_NAME = "$(TARGET_NAME)";
				SWIFT_VERSION = 5.0;
				TARGETED_DEVICE_FAMILY = "1,2";
			};
			name = Debug;
		};
		04811CD122EBC6C1004E6F47 /* Release */ = {
			isa = XCBuildConfiguration;
			buildSettings = {
				ASSETCATALOG_COMPILER_APPICON_NAME = AppIcon;
				CODE_SIGN_STYLE = Automatic;
				DEVELOPMENT_TEAM = AL7363AJ9G;
				INFOPLIST_FILE = ConflictingEvents/Info.plist;
				LD_RUNPATH_SEARCH_PATHS = (
					"$(inherited)",
					"@executable_path/Frameworks",
				);
				PRODUCT_BUNDLE_IDENTIFIER = NicholasSharp.ConflictingEvents;
				PRODUCT_NAME = "$(TARGET_NAME)";
				SWIFT_VERSION = 5.0;
				TARGETED_DEVICE_FAMILY = "1,2";
			};
			name = Release;
		};
		04811CD322EBC6C1004E6F47 /* Debug */ = {
			isa = XCBuildConfiguration;
			buildSettings = {
				ALWAYS_EMBED_SWIFT_STANDARD_LIBRARIES = YES;
				BUNDLE_LOADER = "$(TEST_HOST)";
				CODE_SIGN_STYLE = Automatic;
				DEVELOPMENT_TEAM = AL7363AJ9G;
				INFOPLIST_FILE = ConflictingEventsTests/Info.plist;
				LD_RUNPATH_SEARCH_PATHS = (
					"$(inherited)",
					"@executable_path/Frameworks",
					"@loader_path/Frameworks",
				);
				PRODUCT_BUNDLE_IDENTIFIER = NicholasSharp.ConflictingEventsTests;
				PRODUCT_NAME = "$(TARGET_NAME)";
				SWIFT_VERSION = 5.0;
				TARGETED_DEVICE_FAMILY = "1,2";
				TEST_HOST = "$(BUILT_PRODUCTS_DIR)/ConflictingEvents.app/ConflictingEvents";
			};
			name = Debug;
		};
		04811CD422EBC6C1004E6F47 /* Release */ = {
			isa = XCBuildConfiguration;
			buildSettings = {
				ALWAYS_EMBED_SWIFT_STANDARD_LIBRARIES = YES;
				BUNDLE_LOADER = "$(TEST_HOST)";
				CODE_SIGN_STYLE = Automatic;
				DEVELOPMENT_TEAM = AL7363AJ9G;
				INFOPLIST_FILE = ConflictingEventsTests/Info.plist;
				LD_RUNPATH_SEARCH_PATHS = (
					"$(inherited)",
					"@executable_path/Frameworks",
					"@loader_path/Frameworks",
				);
				PRODUCT_BUNDLE_IDENTIFIER = NicholasSharp.ConflictingEventsTests;
				PRODUCT_NAME = "$(TARGET_NAME)";
				SWIFT_VERSION = 5.0;
				TARGETED_DEVICE_FAMILY = "1,2";
				TEST_HOST = "$(BUILT_PRODUCTS_DIR)/ConflictingEvents.app/ConflictingEvents";
			};
			name = Release;
		};
		04811CD622EBC6C1004E6F47 /* Debug */ = {
			isa = XCBuildConfiguration;
			buildSettings = {
				ALWAYS_EMBED_SWIFT_STANDARD_LIBRARIES = YES;
				CODE_SIGN_STYLE = Automatic;
				DEVELOPMENT_TEAM = AL7363AJ9G;
				INFOPLIST_FILE = ConflictingEventsUITests/Info.plist;
				LD_RUNPATH_SEARCH_PATHS = (
					"$(inherited)",
					"@executable_path/Frameworks",
					"@loader_path/Frameworks",
				);
				PRODUCT_BUNDLE_IDENTIFIER = NicholasSharp.ConflictingEventsUITests;
				PRODUCT_NAME = "$(TARGET_NAME)";
				SWIFT_VERSION = 5.0;
				TARGETED_DEVICE_FAMILY = "1,2";
				TEST_TARGET_NAME = ConflictingEvents;
			};
			name = Debug;
		};
		04811CD722EBC6C1004E6F47 /* Release */ = {
			isa = XCBuildConfiguration;
			buildSettings = {
				ALWAYS_EMBED_SWIFT_STANDARD_LIBRARIES = YES;
				CODE_SIGN_STYLE = Automatic;
				DEVELOPMENT_TEAM = AL7363AJ9G;
				INFOPLIST_FILE = ConflictingEventsUITests/Info.plist;
				LD_RUNPATH_SEARCH_PATHS = (
					"$(inherited)",
					"@executable_path/Frameworks",
					"@loader_path/Frameworks",
				);
				PRODUCT_BUNDLE_IDENTIFIER = NicholasSharp.ConflictingEventsUITests;
				PRODUCT_NAME = "$(TARGET_NAME)";
				SWIFT_VERSION = 5.0;
				TARGETED_DEVICE_FAMILY = "1,2";
				TEST_TARGET_NAME = ConflictingEvents;
			};
			name = Release;
		};
/* End XCBuildConfiguration section */

/* Begin XCConfigurationList section */
		04811CA222EBC6BF004E6F47 /* Build configuration list for PBXProject "ConflictingEvents" */ = {
			isa = XCConfigurationList;
			buildConfigurations = (
				04811CCD22EBC6C1004E6F47 /* Debug */,
				04811CCE22EBC6C1004E6F47 /* Release */,
			);
			defaultConfigurationIsVisible = 0;
			defaultConfigurationName = Release;
		};
		04811CCF22EBC6C1004E6F47 /* Build configuration list for PBXNativeTarget "ConflictingEvents" */ = {
			isa = XCConfigurationList;
			buildConfigurations = (
				04811CD022EBC6C1004E6F47 /* Debug */,
				04811CD122EBC6C1004E6F47 /* Release */,
			);
			defaultConfigurationIsVisible = 0;
			defaultConfigurationName = Release;
		};
		04811CD222EBC6C1004E6F47 /* Build configuration list for PBXNativeTarget "ConflictingEventsTests" */ = {
			isa = XCConfigurationList;
			buildConfigurations = (
				04811CD322EBC6C1004E6F47 /* Debug */,
				04811CD422EBC6C1004E6F47 /* Release */,
			);
			defaultConfigurationIsVisible = 0;
			defaultConfigurationName = Release;
		};
		04811CD522EBC6C1004E6F47 /* Build configuration list for PBXNativeTarget "ConflictingEventsUITests" */ = {
			isa = XCConfigurationList;
			buildConfigurations = (
				04811CD622EBC6C1004E6F47 /* Debug */,
				04811CD722EBC6C1004E6F47 /* Release */,
			);
			defaultConfigurationIsVisible = 0;
			defaultConfigurationName = Release;
		};
/* End XCConfigurationList section */
	};
	rootObject = 04811C9F22EBC6BF004E6F47 /* Project object */;
}
